
Microsoft Visual Studio Solution File, Format Version 12.00
# Visual Studio Version 17
VisualStudioVersion = 17.13.35931.197
MinimumVisualStudioVersion = 10.0.40219.1
Project("{FAE04EC0-301F-11D3-BF4B-00C04F79EFBC}") = "LibCMS", "LibCMS\LibCMS.csproj", "{74759756-CE4D-3FA4-8AE3-FB01E1526E52}"
EndProject
Project("{FAE04EC0-301F-11D3-BF4B-00C04F79EFBC}") = "LibDV", "LibDV\LibDV.csproj", "{2278A2C1-A030-1F42-F197-187F855724E9}"
	ProjectSection(ProjectDependencies) = postProject
		{74759756-CE4D-3FA4-8AE3-FB01E1526E52} = {74759756-CE4D-3FA4-8AE3-FB01E1526E52}
	EndProjectSection
EndProject
Project("{FAE04EC0-301F-11D3-BF4B-00C04F79EFBC}") = "LibUtil", "LibUtil\LibUtil.csproj", "{9DB3F610-DA57-EBE3-DF8F-6A697DC3CB08}"
EndProject
Project("{FAE04EC0-301F-11D3-BF4B-00C04F79EFBC}") = "SSDConsole", "SSDConsole\SSDConsole.csproj", "{131F0365-F4F4-6052-2EF0-7EC05815D9A7}"
EndProject
Project("{FAE04EC0-301F-11D3-BF4B-00C04F79EFBC}") = "Console", "Console\Console.csproj", "{59AA8134-F2E8-4C62-BB79-36ACC5440EA2}"
EndProject
Global
	GlobalSection(SolutionConfigurationPlatforms) = preSolution
		Debug|Any CPU = Debug|Any CPU
		Release|Any CPU = Release|Any CPU
	EndGlobalSection
	GlobalSection(ProjectConfigurationPlatforms) = postSolution
		{74759756-CE4D-3FA4-8AE3-FB01E1526E52}.Debug|Any CPU.ActiveCfg = Debug|Any CPU
		{74759756-CE4D-3FA4-8AE3-FB01E1526E52}.Debug|Any CPU.Build.0 = Debug|Any CPU
		{74759756-CE4D-3FA4-8AE3-FB01E1526E52}.Release|Any CPU.ActiveCfg = Release|Any CPU
		{74759756-CE4D-3FA4-8AE3-FB01E1526E52}.Release|Any CPU.Build.0 = Release|Any CPU
		{2278A2C1-A030-1F42-F197-187F855724E9}.Debug|Any CPU.ActiveCfg = Debug|Any CPU
		{2278A2C1-A030-1F42-F197-187F855724E9}.Debug|Any CPU.Build.0 = Debug|Any CPU
		{2278A2C1-A030-1F42-F197-187F855724E9}.Release|Any CPU.ActiveCfg = Release|Any CPU
		{2278A2C1-A030-1F42-F197-187F855724E9}.Release|Any CPU.Build.0 = Release|Any CPU
		{9DB3F610-DA57-EBE3-DF8F-6A697DC3CB08}.Debug|Any CPU.ActiveCfg = Debug|Any CPU
		{9DB3F610-DA57-EBE3-DF8F-6A697DC3CB08}.Debug|Any CPU.Build.0 = Debug|Any CPU
		{9DB3F610-DA57-EBE3-DF8F-6A697DC3CB08}.Release|Any CPU.ActiveCfg = Release|Any CPU
		{9DB3F610-DA57-EBE3-DF8F-6A697DC3CB08}.Release|Any CPU.Build.0 = Release|Any CPU
		{131F0365-F4F4-6052-2EF0-7EC05815D9A7}.Debug|Any CPU.ActiveCfg = Debug|Any CPU
		{131F0365-F4F4-6052-2EF0-7EC05815D9A7}.Debug|Any CPU.Build.0 = Debug|Any CPU
		{131F0365-F4F4-6052-2EF0-7EC05815D9A7}.Release|Any CPU.ActiveCfg = Release|Any CPU
		{131F0365-F4F4-6052-2EF0-7EC05815D9A7}.Release|Any CPU.Build.0 = Release|Any CPU
		{59AA8134-F2E8-4C62-BB79-36ACC5440EA2}.Debug|Any CPU.ActiveCfg = Debug|Any CPU
		{59AA8134-F2E8-4C62-BB79-36ACC5440EA2}.Debug|Any CPU.Build.0 = Debug|Any CPU
		{59AA8134-F2E8-4C62-BB79-36ACC5440EA2}.Release|Any CPU.ActiveCfg = Release|Any CPU
		{59AA8134-F2E8-4C62-BB79-36ACC5440EA2}.Release|Any CPU.Build.0 = Release|Any CPU
	EndGlobalSection
	GlobalSection(SolutionProperties) = preSolution
		HideSolutionNode = FALSE
	EndGlobalSection
	GlobalSection(ExtensibilityGlobals) = postSolution
		SolutionGuid = {A9782049-A796-4580-9522-D46B6F321D12}
	EndGlobalSection
	GlobalSection(CRMSolutionProperties) = preSolution
		SolutionIsBoundToCRM = True
	EndGlobalSection
EndGlobal
